
Microsoft Visual Studio Solution File, Format Version 12.00
# Visual Studio Version 16
VisualStudioVersion = 16.0.30523.141
MinimumVisualStudioVersion = 10.0.40219.1
Project("{FAE04EC0-301F-11D3-BF4B-00C04F79EFBC}") = "102190064_NguyenIchHoa", "102190064_NguyenIchHoa.csproj", "{5F85BBB0-FA5E-4D9C-BFA0-4C05EA651F3E}"
EndProject
Global
	GlobalSection(SolutionConfigurationPlatforms) = preSolution
		Debug|Any CPU = Debug|Any CPU
		Release|Any CPU = Release|Any CPU
	EndGlobalSection
	GlobalSection(ProjectConfigurationPlatforms) = postSolution
		{5F85BBB0-FA5E-4D9C-BFA0-4C05EA651F3E}.Debug|Any CPU.ActiveCfg = Debug|Any CPU
		{5F85BBB0-FA5E-4D9C-BFA0-4C05EA651F3E}.Debug|Any CPU.Build.0 = Debug|Any CPU
		{5F85BBB0-FA5E-4D9C-BFA0-4C05EA651F3E}.Release|Any CPU.ActiveCfg = Release|Any CPU
		{5F85BBB0-FA5E-4D9C-BFA0-4C05EA651F3E}.Release|Any CPU.Build.0 = Release|Any CPU
	EndGlobalSection
	GlobalSection(SolutionProperties) = preSolution
		HideSolutionNode = FALSE
	EndGlobalSection
	GlobalSection(ExtensibilityGlobals) = postSolution
		SolutionGuid = {9AA7F90D-D182-43BD-A250-FC13B7E873B5}
	EndGlobalSection
EndGlobal
